
Microsoft Visual Studio Solution File, Format Version 12.00
# Visual Studio Version 17
VisualStudioVersion = 17.5.33530.505
MinimumVisualStudioVersion = 10.0.40219.1
Project("{FAE04EC0-301F-11D3-BF4B-00C04F79EFBC}") = "Card With Hover Effect", "Card With Hover Effect\Card With Hover Effect.csproj", "{979B277B-0EAE-4F4A-9230-7E9C631E37A8}"
EndProject
Global
	GlobalSection(SolutionConfigurationPlatforms) = preSolution
		Debug|Any CPU = Debug|Any CPU
		Release|Any CPU = Release|Any CPU
	EndGlobalSection
	GlobalSection(ProjectConfigurationPlatforms) = postSolution
		{979B277B-0EAE-4F4A-9230-7E9C631E37A8}.Debug|Any CPU.ActiveCfg = Debug|Any CPU
		{979B277B-0EAE-4F4A-9230-7E9C631E37A8}.Debug|Any CPU.Build.0 = Debug|Any CPU
		{979B277B-0EAE-4F4A-9230-7E9C631E37A8}.Release|Any CPU.ActiveCfg = Release|Any CPU
		{979B277B-0EAE-4F4A-9230-7E9C631E37A8}.Release|Any CPU.Build.0 = Release|Any CPU
	EndGlobalSection
	GlobalSection(SolutionProperties) = preSolution
		HideSolutionNode = FALSE
	EndGlobalSection
	GlobalSection(ExtensibilityGlobals) = postSolution
		SolutionGuid = {E7DC8447-6277-431E-8AFF-C659299DC74B}
	EndGlobalSection
EndGlobal
